
Microsoft Visual Studio Solution File, Format Version 12.00
# Visual Studio Version 17
VisualStudioVersion = 17.12.35527.113
MinimumVisualStudioVersion = 10.0.40219.1
Project("{FAE04EC0-301F-11D3-BF4B-00C04F79EFBC}") = "Phonebook_Shashin", "Phonebook_Shashin.csproj", "{A324B308-F111-4FC1-9E5E-A4F9FC31E854}"
EndProject
Project("{FAE04EC0-301F-11D3-BF4B-00C04F79EFBC}") = "ClassConnection", "..\ClassConnection\ClassConnection.csproj", "{E3AEF2B8-4F9D-44F2-B81B-F8DECBBD2521}"
EndProject
Project("{FAE04EC0-301F-11D3-BF4B-00C04F79EFBC}") = "ClassModule", "..\ClassModule\ClassModule.csproj", "{A45023AF-8D34-4E61-9E16-88D536EA1F7E}"
EndProject
Global
	GlobalSection(SolutionConfigurationPlatforms) = preSolution
		Debug|Any CPU = Debug|Any CPU
		Release|Any CPU = Release|Any CPU
	EndGlobalSection
	GlobalSection(ProjectConfigurationPlatforms) = postSolution
		{A324B308-F111-4FC1-9E5E-A4F9FC31E854}.Debug|Any CPU.ActiveCfg = Debug|Any CPU
		{A324B308-F111-4FC1-9E5E-A4F9FC31E854}.Debug|Any CPU.Build.0 = Debug|Any CPU
		{A324B308-F111-4FC1-9E5E-A4F9FC31E854}.Release|Any CPU.ActiveCfg = Release|Any CPU
		{A324B308-F111-4FC1-9E5E-A4F9FC31E854}.Release|Any CPU.Build.0 = Release|Any CPU
		{E3AEF2B8-4F9D-44F2-B81B-F8DECBBD2521}.Debug|Any CPU.ActiveCfg = Debug|Any CPU
		{E3AEF2B8-4F9D-44F2-B81B-F8DECBBD2521}.Debug|Any CPU.Build.0 = Debug|Any CPU
		{E3AEF2B8-4F9D-44F2-B81B-F8DECBBD2521}.Release|Any CPU.ActiveCfg = Release|Any CPU
		{E3AEF2B8-4F9D-44F2-B81B-F8DECBBD2521}.Release|Any CPU.Build.0 = Release|Any CPU
		{A45023AF-8D34-4E61-9E16-88D536EA1F7E}.Debug|Any CPU.ActiveCfg = Debug|Any CPU
		{A45023AF-8D34-4E61-9E16-88D536EA1F7E}.Debug|Any CPU.Build.0 = Debug|Any CPU
		{A45023AF-8D34-4E61-9E16-88D536EA1F7E}.Release|Any CPU.ActiveCfg = Release|Any CPU
		{A45023AF-8D34-4E61-9E16-88D536EA1F7E}.Release|Any CPU.Build.0 = Release|Any CPU
	EndGlobalSection
	GlobalSection(SolutionProperties) = preSolution
		HideSolutionNode = FALSE
	EndGlobalSection
	GlobalSection(ExtensibilityGlobals) = postSolution
		SolutionGuid = {000E2384-8364-4C8F-BE89-D6A6256639E3}
	EndGlobalSection
EndGlobal
