
Microsoft Visual Studio Solution File, Format Version 12.00
# Visual Studio Version 17
VisualStudioVersion = 17.12.35527.113 d17.12
MinimumVisualStudioVersion = 10.0.40219.1
Project("{FAE04EC0-301F-11D3-BF4B-00C04F79EFBC}") = "Phonebook_Shashin", "Phonebook_Shashin.csproj", "{A324B308-F111-4FC1-9E5E-A4F9FC31E854}"
EndProject
Project("{FAE04EC0-301F-11D3-BF4B-00C04F79EFBC}") = "ClassModule", "..\ClassModule\ClassModule.csproj", "{59E610B6-16F1-4EE6-8838-EB950F1902F1}"
EndProject
Global
	GlobalSection(SolutionConfigurationPlatforms) = preSolution
		Debug|Any CPU = Debug|Any CPU
		Release|Any CPU = Release|Any CPU
	EndGlobalSection
	GlobalSection(ProjectConfigurationPlatforms) = postSolution
		{A324B308-F111-4FC1-9E5E-A4F9FC31E854}.Debug|Any CPU.ActiveCfg = Debug|Any CPU
		{A324B308-F111-4FC1-9E5E-A4F9FC31E854}.Debug|Any CPU.Build.0 = Debug|Any CPU
		{A324B308-F111-4FC1-9E5E-A4F9FC31E854}.Release|Any CPU.ActiveCfg = Release|Any CPU
		{A324B308-F111-4FC1-9E5E-A4F9FC31E854}.Release|Any CPU.Build.0 = Release|Any CPU
		{59E610B6-16F1-4EE6-8838-EB950F1902F1}.Debug|Any CPU.ActiveCfg = Debug|Any CPU
		{59E610B6-16F1-4EE6-8838-EB950F1902F1}.Debug|Any CPU.Build.0 = Debug|Any CPU
		{59E610B6-16F1-4EE6-8838-EB950F1902F1}.Release|Any CPU.ActiveCfg = Release|Any CPU
		{59E610B6-16F1-4EE6-8838-EB950F1902F1}.Release|Any CPU.Build.0 = Release|Any CPU
	EndGlobalSection
	GlobalSection(SolutionProperties) = preSolution
		HideSolutionNode = FALSE
	EndGlobalSection
EndGlobal
